// !$*UTF8*$!
{
	archiveVersion = 1;
	classes = {
	};
	objectVersion = 46;
	objects = {

/* Begin PBXBuildFile section */
		391B40111B978695007C3DDC /* globalNamespace.cpp in Sources */ = {isa = PBXBuildFile; fileRef = 391B40101B978695007C3DDC /* globalNamespace.cpp */; };
		393D37DE1BA3786800EA658D /* classScope.cpp in Sources */ = {isa = PBXBuildFile; fileRef = 393D37DD1BA3786800EA658D /* classScope.cpp */; };
		393D37E01BA3787600EA658D /* functionScope.cpp in Sources */ = {isa = PBXBuildFile; fileRef = 393D37DF1BA3787600EA658D /* functionScope.cpp */; };
		393D37E21BA3789400EA658D /* smallScope.cpp in Sources */ = {isa = PBXBuildFile; fileRef = 393D37E11BA3789400EA658D /* smallScope.cpp */; };
		398200C71B8D0B7300ED6F98 /* random.cpp in Sources */ = {isa = PBXBuildFile; fileRef = 398200C61B8D0B7300ED6F98 /* random.cpp */; };
		398200C91B8D0C6200ED6F98 /* function.cpp in Sources */ = {isa = PBXBuildFile; fileRef = 398200C81B8D0C6200ED6F98 /* function.cpp */; };
		39B3AD281B8E590600179832 /* logger.cpp in Sources */ = {isa = PBXBuildFile; fileRef = 39B3AD271B8E590600179832 /* logger.cpp */; };
		39D6793A1B8BB95500DFF09D /* main.cpp in Sources */ = {isa = PBXBuildFile; fileRef = 39D679391B8BB95500DFF09D /* main.cpp */; };
		39D679451B8BC12200DFF09D /* genName.cpp in Sources */ = {isa = PBXBuildFile; fileRef = 39D679441B8BC12200DFF09D /* genName.cpp */; };
		39D679481B8BC1ED00DFF09D /* classDef.cpp in Sources */ = {isa = PBXBuildFile; fileRef = 39D679461B8BC1ED00DFF09D /* classDef.cpp */; };
/* End PBXBuildFile section */

/* Begin PBXCopyFilesBuildPhase section */
		39D679341B8BB95500DFF09D /* CopyFiles */ = {
			isa = PBXCopyFilesBuildPhase;
			buildActionMask = 2147483647;
			dstPath = /usr/share/man/man1/;
			dstSubfolderSpec = 0;
			files = (
			);
			runOnlyForDeploymentPostprocessing = 1;
		};
/* End PBXCopyFilesBuildPhase section */

/* Begin PBXFileReference section */
		391B400F1B97858B007C3DDC /* globalNamespace.h */ = {isa = PBXFileReference; lastKnownFileType = sourcecode.c.h; path = globalNamespace.h; sourceTree = "<group>"; };
		391B40101B978695007C3DDC /* globalNamespace.cpp */ = {isa = PBXFileReference; fileEncoding = 4; lastKnownFileType = sourcecode.cpp.cpp; path = globalNamespace.cpp; sourceTree = "<group>"; };
		393D37DA1BA3773D00EA658D /* classScope.h */ = {isa = PBXFileReference; lastKnownFileType = sourcecode.c.h; path = classScope.h; sourceTree = "<group>"; };
		393D37DB1BA3779900EA658D /* functionScope.h */ = {isa = PBXFileReference; lastKnownFileType = sourcecode.c.h; path = functionScope.h; sourceTree = "<group>"; };
		393D37DC1BA377E700EA658D /* smallScope.h */ = {isa = PBXFileReference; lastKnownFileType = sourcecode.c.h; path = smallScope.h; sourceTree = "<group>"; };
		393D37DD1BA3786800EA658D /* classScope.cpp */ = {isa = PBXFileReference; fileEncoding = 4; lastKnownFileType = sourcecode.cpp.cpp; path = classScope.cpp; sourceTree = "<group>"; };
		393D37DF1BA3787600EA658D /* functionScope.cpp */ = {isa = PBXFileReference; fileEncoding = 4; lastKnownFileType = sourcecode.cpp.cpp; path = functionScope.cpp; sourceTree = "<group>"; };
		393D37E11BA3789400EA658D /* smallScope.cpp */ = {isa = PBXFileReference; fileEncoding = 4; lastKnownFileType = sourcecode.cpp.cpp; path = smallScope.cpp; sourceTree = "<group>"; };
		398200C61B8D0B7300ED6F98 /* random.cpp */ = {isa = PBXFileReference; fileEncoding = 4; lastKnownFileType = sourcecode.cpp.cpp; path = random.cpp; sourceTree = "<group>"; };
		398200C81B8D0C6200ED6F98 /* function.cpp */ = {isa = PBXFileReference; fileEncoding = 4; lastKnownFileType = sourcecode.cpp.cpp; path = function.cpp; sourceTree = "<group>"; };
		398200CB1B8D102F00ED6F98 /* names.txt */ = {isa = PBXFileReference; fileEncoding = 4; lastKnownFileType = text; path = names.txt; sourceTree = "<group>"; };
		3986098C1BA9F97C001736F5 /* stdafx.h */ = {isa = PBXFileReference; lastKnownFileType = sourcecode.c.h; path = stdafx.h; sourceTree = "<group>"; };
		39B3AD261B8E57DE00179832 /* logger.h */ = {isa = PBXFileReference; lastKnownFileType = sourcecode.c.h; path = logger.h; sourceTree = "<group>"; };
		39B3AD271B8E590600179832 /* logger.cpp */ = {isa = PBXFileReference; fileEncoding = 4; lastKnownFileType = sourcecode.cpp.cpp; path = logger.cpp; sourceTree = "<group>"; };
		39D679361B8BB95500DFF09D /* Generator */ = {isa = PBXFileReference; explicitFileType = "compiled.mach-o.executable"; includeInIndex = 0; path = Generator; sourceTree = BUILT_PRODUCTS_DIR; };
		39D679391B8BB95500DFF09D /* main.cpp */ = {isa = PBXFileReference; lastKnownFileType = sourcecode.cpp.cpp; path = main.cpp; sourceTree = "<group>"; };
		39D679421B8BBD0A00DFF09D /* random.h */ = {isa = PBXFileReference; lastKnownFileType = sourcecode.c.h; path = random.h; sourceTree = "<group>"; };
		39D679431B8BC10800DFF09D /* genName.h */ = {isa = PBXFileReference; lastKnownFileType = sourcecode.c.h; path = genName.h; sourceTree = "<group>"; };
		39D679441B8BC12200DFF09D /* genName.cpp */ = {isa = PBXFileReference; fileEncoding = 4; lastKnownFileType = sourcecode.cpp.cpp; path = genName.cpp; sourceTree = "<group>"; };
		39D679461B8BC1ED00DFF09D /* classDef.cpp */ = {isa = PBXFileReference; fileEncoding = 4; lastKnownFileType = sourcecode.cpp.cpp; path = classDef.cpp; sourceTree = "<group>"; };
		39D679471B8BC1ED00DFF09D /* classDef.h */ = {isa = PBXFileReference; fileEncoding = 4; lastKnownFileType = sourcecode.c.h; path = classDef.h; sourceTree = "<group>"; };
		39D6794C1B8BC30E00DFF09D /* function.h */ = {isa = PBXFileReference; lastKnownFileType = sourcecode.c.h; path = function.h; sourceTree = "<group>"; };
/* End PBXFileReference section */

/* Begin PBXFrameworksBuildPhase section */
		39D679331B8BB95500DFF09D /* Frameworks */ = {
			isa = PBXFrameworksBuildPhase;
			buildActionMask = 2147483647;
			files = (
			);
			runOnlyForDeploymentPostprocessing = 0;
		};
/* End PBXFrameworksBuildPhase section */

/* Begin PBXGroup section */
		398200CA1B8D100600ED6F98 /* res */ = {
			isa = PBXGroup;
			children = (
				398200CB1B8D102F00ED6F98 /* names.txt */,
			);
			name = res;
			sourceTree = "<group>";
		};
		39D6792D1B8BB95500DFF09D = {
			isa = PBXGroup;
			children = (
				39D679381B8BB95500DFF09D /* Generator */,
				39D679371B8BB95500DFF09D /* Products */,
			);
			sourceTree = "<group>";
		};
		39D679371B8BB95500DFF09D /* Products */ = {
			isa = PBXGroup;
			children = (
				39D679361B8BB95500DFF09D /* Generator */,
			);
			name = Products;
			sourceTree = "<group>";
		};
		39D679381B8BB95500DFF09D /* Generator */ = {
			isa = PBXGroup;
			children = (
				398200CA1B8D100600ED6F98 /* res */,
				39D679411B8BBCD300DFF09D /* public */,
				39D679401B8BBCB900DFF09D /* private */,
				39D679391B8BB95500DFF09D /* main.cpp */,
			);
			path = Generator;
			sourceTree = "<group>";
		};
		39D679401B8BBCB900DFF09D /* private */ = {
			isa = PBXGroup;
			children = (
				39D679441B8BC12200DFF09D /* genName.cpp */,
				39D679461B8BC1ED00DFF09D /* classDef.cpp */,
				398200C61B8D0B7300ED6F98 /* random.cpp */,
				398200C81B8D0C6200ED6F98 /* function.cpp */,
				39B3AD271B8E590600179832 /* logger.cpp */,
				391B40101B978695007C3DDC /* globalNamespace.cpp */,
				393D37DD1BA3786800EA658D /* classScope.cpp */,
				393D37DF1BA3787600EA658D /* functionScope.cpp */,
				393D37E11BA3789400EA658D /* smallScope.cpp */,
			);
			name = private;
			sourceTree = "<group>";
		};
		39D679411B8BBCD300DFF09D /* public */ = {
			isa = PBXGroup;
			children = (
				39D679471B8BC1ED00DFF09D /* classDef.h */,
				39D6794C1B8BC30E00DFF09D /* function.h */,
				39D679421B8BBD0A00DFF09D /* random.h */,
				39D679431B8BC10800DFF09D /* genName.h */,
				39B3AD261B8E57DE00179832 /* logger.h */,
				391B400F1B97858B007C3DDC /* globalNamespace.h */,
				393D37DA1BA3773D00EA658D /* classScope.h */,
				393D37DB1BA3779900EA658D /* functionScope.h */,
				393D37DC1BA377E700EA658D /* smallScope.h */,
				3986098C1BA9F97C001736F5 /* stdafx.h */,
			);
			name = public;
			sourceTree = "<group>";
		};
/* End PBXGroup section */

/* Begin PBXNativeTarget section */
		39D679351B8BB95500DFF09D /* Generator */ = {
			isa = PBXNativeTarget;
			buildConfigurationList = 39D6793D1B8BB95500DFF09D /* Build configuration list for PBXNativeTarget "Generator" */;
			buildPhases = (
				39D679321B8BB95500DFF09D /* Sources */,
				39D679331B8BB95500DFF09D /* Frameworks */,
				39D679341B8BB95500DFF09D /* CopyFiles */,
			);
			buildRules = (
			);
			dependencies = (
			);
			name = Generator;
			productName = Generator;
			productReference = 39D679361B8BB95500DFF09D /* Generator */;
			productType = "com.apple.product-type.tool";
		};
/* End PBXNativeTarget section */

/* Begin PBXProject section */
		39D6792E1B8BB95500DFF09D /* Project object */ = {
			isa = PBXProject;
			attributes = {
				LastUpgradeCheck = 0640;
				ORGANIZATIONNAME = "Tanner McCormack";
				TargetAttributes = {
					39D679351B8BB95500DFF09D = {
						CreatedOnToolsVersion = 6.4;
					};
				};
			};
			buildConfigurationList = 39D679311B8BB95500DFF09D /* Build configuration list for PBXProject "Generator" */;
			compatibilityVersion = "Xcode 3.2";
			developmentRegion = English;
			hasScannedForEncodings = 0;
			knownRegions = (
				en,
			);
			mainGroup = 39D6792D1B8BB95500DFF09D;
			productRefGroup = 39D679371B8BB95500DFF09D /* Products */;
			projectDirPath = "";
			projectRoot = "";
			targets = (
				39D679351B8BB95500DFF09D /* Generator */,
			);
		};
/* End PBXProject section */

/* Begin PBXSourcesBuildPhase section */
		39D679321B8BB95500DFF09D /* Sources */ = {
			isa = PBXSourcesBuildPhase;
			buildActionMask = 2147483647;
			files = (
				398200C71B8D0B7300ED6F98 /* random.cpp in Sources */,
				39D6793A1B8BB95500DFF09D /* main.cpp in Sources */,
				391B40111B978695007C3DDC /* globalNamespace.cpp in Sources */,
				39D679451B8BC12200DFF09D /* genName.cpp in Sources */,
				398200C91B8D0C6200ED6F98 /* function.cpp in Sources */,
				39B3AD281B8E590600179832 /* logger.cpp in Sources */,
				393D37E21BA3789400EA658D /* smallScope.cpp in Sources */,
				393D37E01BA3787600EA658D /* functionScope.cpp in Sources */,
				39D679481B8BC1ED00DFF09D /* classDef.cpp in Sources */,
				393D37DE1BA3786800EA658D /* classScope.cpp in Sources */,
			);
			runOnlyForDeploymentPostprocessing = 0;
		};
/* End PBXSourcesBuildPhase section */

/* Begin XCBuildConfiguration section */
		39D6793B1B8BB95500DFF09D /* Debug */ = {
			isa = XCBuildConfiguration;
			buildSettings = {
				ALWAYS_SEARCH_USER_PATHS = NO;
				CLANG_CXX_LANGUAGE_STANDARD = "gnu++0x";
				CLANG_CXX_LIBRARY = "libc++";
				CLANG_ENABLE_MODULES = YES;
				CLANG_ENABLE_OBJC_ARC = YES;
				CLANG_WARN_BOOL_CONVERSION = YES;
				CLANG_WARN_CONSTANT_CONVERSION = YES;
				CLANG_WARN_DIRECT_OBJC_ISA_USAGE = YES_ERROR;
				CLANG_WARN_EMPTY_BODY = YES;
				CLANG_WARN_ENUM_CONVERSION = YES;
				CLANG_WARN_INT_CONVERSION = YES;
				CLANG_WARN_OBJC_ROOT_CLASS = YES_ERROR;
				CLANG_WARN_UNREACHABLE_CODE = YES;
				CLANG_WARN__DUPLICATE_METHOD_MATCH = YES;
				COPY_PHASE_STRIP = NO;
				DEBUG_INFORMATION_FORMAT = dwarf;
				ENABLE_STRICT_OBJC_MSGSEND = YES;
				GCC_C_LANGUAGE_STANDARD = gnu99;
				GCC_DYNAMIC_NO_PIC = NO;
				GCC_NO_COMMON_BLOCKS = YES;
				GCC_OPTIMIZATION_LEVEL = 0;
				GCC_PREPROCESSOR_DEFINITIONS = (
					"DEBUG=1",
					"$(inherited)",
				);
				GCC_SYMBOLS_PRIVATE_EXTERN = NO;
				GCC_WARN_64_TO_32_BIT_CONVERSION = YES;
				GCC_WARN_ABOUT_RETURN_TYPE = YES_ERROR;
				GCC_WARN_UNDECLARED_SELECTOR = YES;
				GCC_WARN_UNINITIALIZED_AUTOS = YES_AGGRESSIVE;
				GCC_WARN_UNUSED_FUNCTION = YES;
				GCC_WARN_UNUSED_VARIABLE = YES;
				MACOSX_DEPLOYMENT_TARGET = 10.10;
				MTL_ENABLE_DEBUG_INFO = YES;
				ONLY_ACTIVE_ARCH = YES;
				SDKROOT = macosx;
			};
			name = Debug;
		};
		39D6793C1B8BB95500DFF09D /* Release */ = {
			isa = XCBuildConfiguration;
			buildSettings = {
				ALWAYS_SEARCH_USER_PATHS = NO;
				CLANG_CXX_LANGUAGE_STANDARD = "gnu++0x";
				CLANG_CXX_LIBRARY = "libc++";
				CLANG_ENABLE_MODULES = YES;
				CLANG_ENABLE_OBJC_ARC = YES;
				CLANG_WARN_BOOL_CONVERSION = YES;
				CLANG_WARN_CONSTANT_CONVERSION = YES;
				CLANG_WARN_DIRECT_OBJC_ISA_USAGE = YES_ERROR;
				CLANG_WARN_EMPTY_BODY = YES;
				CLANG_WARN_ENUM_CONVERSION = YES;
				CLANG_WARN_INT_CONVERSION = YES;
				CLANG_WARN_OBJC_ROOT_CLASS = YES_ERROR;
				CLANG_WARN_UNREACHABLE_CODE = YES;
				CLANG_WARN__DUPLICATE_METHOD_MATCH = YES;
				COPY_PHASE_STRIP = NO;
				DEBUG_INFORMATION_FORMAT = "dwarf-with-dsym";
				ENABLE_NS_ASSERTIONS = NO;
				ENABLE_STRICT_OBJC_MSGSEND = YES;
				GCC_C_LANGUAGE_STANDARD = gnu99;
				GCC_NO_COMMON_BLOCKS = YES;
				GCC_WARN_64_TO_32_BIT_CONVERSION = YES;
				GCC_WARN_ABOUT_RETURN_TYPE = YES_ERROR;
				GCC_WARN_UNDECLARED_SELECTOR = YES;
				GCC_WARN_UNINITIALIZED_AUTOS = YES_AGGRESSIVE;
				GCC_WARN_UNUSED_FUNCTION = YES;
				GCC_WARN_UNUSED_VARIABLE = YES;
				MACOSX_DEPLOYMENT_TARGET = 10.10;
				MTL_ENABLE_DEBUG_INFO = NO;
				SDKROOT = macosx;
			};
			name = Release;
		};
		39D6793E1B8BB95500DFF09D /* Debug */ = {
			isa = XCBuildConfiguration;
			buildSettings = {
				PRODUCT_NAME = "$(TARGET_NAME)";
			};
			name = Debug;
		};
		39D6793F1B8BB95500DFF09D /* Release */ = {
			isa = XCBuildConfiguration;
			buildSettings = {
				PRODUCT_NAME = "$(TARGET_NAME)";
			};
			name = Release;
		};
/* End XCBuildConfiguration section */

/* Begin XCConfigurationList section */
		39D679311B8BB95500DFF09D /* Build configuration list for PBXProject "Generator" */ = {
			isa = XCConfigurationList;
			buildConfigurations = (
				39D6793B1B8BB95500DFF09D /* Debug */,
				39D6793C1B8BB95500DFF09D /* Release */,
			);
			defaultConfigurationIsVisible = 0;
			defaultConfigurationName = Release;
		};
		39D6793D1B8BB95500DFF09D /* Build configuration list for PBXNativeTarget "Generator" */ = {
			isa = XCConfigurationList;
			buildConfigurations = (
				39D6793E1B8BB95500DFF09D /* Debug */,
				39D6793F1B8BB95500DFF09D /* Release */,
			);
			defaultConfigurationIsVisible = 0;
			defaultConfigurationName = Release;
		};
/* End XCConfigurationList section */
	};
	rootObject = 39D6792E1B8BB95500DFF09D /* Project object */;
}
